Microsoft Visual Studio Solution File, Format Version 12.00
# Visual Studio Version 17
VisualStudioVersion = 17.5.2.0
MinimumVisualStudioVersion = 10.0.40219.1
Project("{FAE04EC0-301F-11D3-BF4B-00C04F79EFBC}") = "graphook", "graphook.csproj", "{9B7361E0-EC41-F4CD-5B29-8A2761C08BEB}"
EndProject
Global
	GlobalSection(SolutionConfigurationPlatforms) = preSolution
		Debug|Any CPU = Debug|Any CPU
		Release|Any CPU = Release|Any CPU
	EndGlobalSection
	GlobalSection(ProjectConfigurationPlatforms) = postSolution
		{9B7361E0-EC41-F4CD-5B29-8A2761C08BEB}.Debug|Any CPU.ActiveCfg = Debug|Any CPU
		{9B7361E0-EC41-F4CD-5B29-8A2761C08BEB}.Debug|Any CPU.Build.0 = Debug|Any CPU
		{9B7361E0-EC41-F4CD-5B29-8A2761C08BEB}.Release|Any CPU.ActiveCfg = Release|Any CPU
		{9B7361E0-EC41-F4CD-5B29-8A2761C08BEB}.Release|Any CPU.Build.0 = Release|Any CPU
	EndGlobalSection
	GlobalSection(SolutionProperties) = preSolution
		HideSolutionNode = FALSE
	EndGlobalSection
	GlobalSection(ExtensibilityGlobals) = postSolution
		SolutionGuid = {787E8B23-CECB-49A8-84F9-8DF4C8E30938}
	EndGlobalSection
EndGlobal
